
Microsoft Visual Studio Solution File, Format Version 12.00
# Visual Studio 2012
Project("{FAE04EC0-301F-11D3-BF4B-00C04F79EFBC}") = "example", "example\example.csproj", "{418090A7-6954-499D-A120-500F2CD27EAB}"
EndProject
Global
	GlobalSection(SolutionConfigurationPlatforms) = preSolution
		Debug|Any CPU = Debug|Any CPU
		Release|Any CPU = Release|Any CPU
	EndGlobalSection
	GlobalSection(ProjectConfigurationPlatforms) = postSolution
		{418090A7-6954-499D-A120-500F2CD27EAB}.Debug|Any CPU.ActiveCfg = Debug|Any CPU
		{418090A7-6954-499D-A120-500F2CD27EAB}.Debug|Any CPU.Build.0 = Debug|Any CPU
		{418090A7-6954-499D-A120-500F2CD27EAB}.Release|Any CPU.ActiveCfg = Release|Any CPU
		{418090A7-6954-499D-A120-500F2CD27EAB}.Release|Any CPU.Build.0 = Release|Any CPU
	EndGlobalSection
	GlobalSection(SolutionProperties) = preSolution
		HideSolutionNode = FALSE
	EndGlobalSection
EndGlobal
