
Microsoft Visual Studio Solution File, Format Version 12.00
# Visual Studio 2012
Project("{FAE04EC0-301F-11D3-BF4B-00C04F79EFBC}") = "earth", "earth\earth.csproj", "{CFC014E8-1051-47A8-B59D-096C92ED4674}"
EndProject
Global
	GlobalSection(SolutionConfigurationPlatforms) = preSolution
		Debug|Any CPU = Debug|Any CPU
		Release|Any CPU = Release|Any CPU
	EndGlobalSection
	GlobalSection(ProjectConfigurationPlatforms) = postSolution
		{CFC014E8-1051-47A8-B59D-096C92ED4674}.Debug|Any CPU.ActiveCfg = Debug|Any CPU
		{CFC014E8-1051-47A8-B59D-096C92ED4674}.Debug|Any CPU.Build.0 = Debug|Any CPU
		{CFC014E8-1051-47A8-B59D-096C92ED4674}.Release|Any CPU.ActiveCfg = Release|Any CPU
		{CFC014E8-1051-47A8-B59D-096C92ED4674}.Release|Any CPU.Build.0 = Release|Any CPU
	EndGlobalSection
	GlobalSection(SolutionProperties) = preSolution
		HideSolutionNode = FALSE
	EndGlobalSection
EndGlobal
